
Microsoft Visual Studio Solution File, Format Version 12.00
# Visual Studio Version 16
VisualStudioVersion = 16.0.30128.74
MinimumVisualStudioVersion = 10.0.40219.1
Project("{FAE04EC0-301F-11D3-BF4B-00C04F79EFBC}") = "HotelReservations", "HotelReservations\HotelReservations.csproj", "{0818F042-CE1A-47D3-8E05-D4D3157CE28B}"
EndProject
Project("{FAE04EC0-301F-11D3-BF4B-00C04F79EFBC}") = "HotelReservations.ClassLibrary", "HotelReservations.ClassLibrary\HotelReservations.ClassLibrary.csproj", "{07A15B30-AE74-40D4-90A2-79435A9E84D1}"
EndProject
Global
	GlobalSection(SolutionConfigurationPlatforms) = preSolution
		Debug|Any CPU = Debug|Any CPU
		Release|Any CPU = Release|Any CPU
	EndGlobalSection
	GlobalSection(ProjectConfigurationPlatforms) = postSolution
		{0818F042-CE1A-47D3-8E05-D4D3157CE28B}.Debug|Any CPU.ActiveCfg = Debug|Any CPU
		{0818F042-CE1A-47D3-8E05-D4D3157CE28B}.Debug|Any CPU.Build.0 = Debug|Any CPU
		{0818F042-CE1A-47D3-8E05-D4D3157CE28B}.Release|Any CPU.ActiveCfg = Release|Any CPU
		{0818F042-CE1A-47D3-8E05-D4D3157CE28B}.Release|Any CPU.Build.0 = Release|Any CPU
		{07A15B30-AE74-40D4-90A2-79435A9E84D1}.Debug|Any CPU.ActiveCfg = Debug|Any CPU
		{07A15B30-AE74-40D4-90A2-79435A9E84D1}.Debug|Any CPU.Build.0 = Debug|Any CPU
		{07A15B30-AE74-40D4-90A2-79435A9E84D1}.Release|Any CPU.ActiveCfg = Release|Any CPU
		{07A15B30-AE74-40D4-90A2-79435A9E84D1}.Release|Any CPU.Build.0 = Release|Any CPU
	EndGlobalSection
	GlobalSection(SolutionProperties) = preSolution
		HideSolutionNode = FALSE
	EndGlobalSection
	GlobalSection(ExtensibilityGlobals) = postSolution
		SolutionGuid = {1E732471-307C-45A5-B83F-BD56B99CE664}
	EndGlobalSection
EndGlobal
